
Microsoft Visual Studio Solution File, Format Version 12.00
# Visual Studio Version 16
VisualStudioVersion = 16.0.29306.81
MinimumVisualStudioVersion = 10.0.40219.1
Project("{8BC9CEB8-8B4A-11D0-8D11-00A0C91BC942}") = "complex1", "complex1.vcxproj", "{0FF149A4-633B-485E-8DCB-E9342865B6C2}"
EndProject
Global
	GlobalSection(SolutionConfigurationPlatforms) = preSolution
		Debug|x64 = Debug|x64
		Debug|x86 = Debug|x86
		Release|x64 = Release|x64
		Release|x86 = Release|x86
	EndGlobalSection
	GlobalSection(ProjectConfigurationPlatforms) = postSolution
		{0FF149A4-633B-485E-8DCB-E9342865B6C2}.Debug|x64.ActiveCfg = Debug|x64
		{0FF149A4-633B-485E-8DCB-E9342865B6C2}.Debug|x64.Build.0 = Debug|x64
		{0FF149A4-633B-485E-8DCB-E9342865B6C2}.Debug|x86.ActiveCfg = Debug|Win32
		{0FF149A4-633B-485E-8DCB-E9342865B6C2}.Debug|x86.Build.0 = Debug|Win32
		{0FF149A4-633B-485E-8DCB-E9342865B6C2}.Release|x64.ActiveCfg = Release|x64
		{0FF149A4-633B-485E-8DCB-E9342865B6C2}.Release|x64.Build.0 = Release|x64
		{0FF149A4-633B-485E-8DCB-E9342865B6C2}.Release|x86.ActiveCfg = Release|Win32
		{0FF149A4-633B-485E-8DCB-E9342865B6C2}.Release|x86.Build.0 = Release|Win32
	EndGlobalSection
	GlobalSection(SolutionProperties) = preSolution
		HideSolutionNode = FALSE
	EndGlobalSection
	GlobalSection(ExtensibilityGlobals) = postSolution
		SolutionGuid = {FD96A114-A098-4CE3-B1EE-A8658C6E53EF}
	EndGlobalSection
EndGlobal
