
Microsoft Visual Studio Solution File, Format Version 12.00
# Visual Studio Version 16
VisualStudioVersion = 16.0.29306.81
MinimumVisualStudioVersion = 10.0.40219.1
Project("{8BC9CEB8-8B4A-11D0-8D11-00A0C91BC942}") = "Color", "Color.vcxproj", "{BAF61B08-81BA-47CE-ACAE-5EF748460075}"
EndProject
Global
	GlobalSection(SolutionConfigurationPlatforms) = preSolution
		Debug|x64 = Debug|x64
		Debug|x86 = Debug|x86
		Release|x64 = Release|x64
		Release|x86 = Release|x86
	EndGlobalSection
	GlobalSection(ProjectConfigurationPlatforms) = postSolution
		{BAF61B08-81BA-47CE-ACAE-5EF748460075}.Debug|x64.ActiveCfg = Debug|x64
		{BAF61B08-81BA-47CE-ACAE-5EF748460075}.Debug|x64.Build.0 = Debug|x64
		{BAF61B08-81BA-47CE-ACAE-5EF748460075}.Debug|x86.ActiveCfg = Debug|Win32
		{BAF61B08-81BA-47CE-ACAE-5EF748460075}.Debug|x86.Build.0 = Debug|Win32
		{BAF61B08-81BA-47CE-ACAE-5EF748460075}.Release|x64.ActiveCfg = Release|x64
		{BAF61B08-81BA-47CE-ACAE-5EF748460075}.Release|x64.Build.0 = Release|x64
		{BAF61B08-81BA-47CE-ACAE-5EF748460075}.Release|x86.ActiveCfg = Release|Win32
		{BAF61B08-81BA-47CE-ACAE-5EF748460075}.Release|x86.Build.0 = Release|Win32
	EndGlobalSection
	GlobalSection(SolutionProperties) = preSolution
		HideSolutionNode = FALSE
	EndGlobalSection
	GlobalSection(ExtensibilityGlobals) = postSolution
		SolutionGuid = {46E1E5DE-4619-452E-8C03-66A533A67070}
	EndGlobalSection
EndGlobal
